# This file is automatically @generated by Cargo.
# It is not intended for manual editing.
[[package]]
name = "bencher"
version = "0.1.5"
source = "registry+https://github.com/rust-lang/crates.io-index"

[[package]]
name = "benchmark"
version = "0.1.0"
dependencies = [
 "bencher 0.1.5 (registry+https://github.com/rust-lang/crates.io-index)",
 "minidom 0.11.1 (registry+https://github.com/rust-lang/crates.io-index)",
 "quick-xml 0.17.2 (registry+https://github.com/rust-lang/crates.io-index)",
 "roxmltree 0.9.1 (registry+https://github.com/rust-lang/crates.io-index)",
 "sxd-document 0.3.2 (registry+https://github.com/rust-lang/crates.io-index)",
 "xml-rs 0.8.0 (registry+https://github.com/rust-lang/crates.io-index)",
 "xml_stringify 0.1.1",
 "xmlparser 0.13.0 (registry+https://github.com/rust-lang/crates.io-index)",
 "xmltree 0.10.0 (registry+https://github.com/rust-lang/crates.io-index)",
]

[[package]]
name = "memchr"
version = "2.3.3"
source = "registry+https://github.com/rust-lang/crates.io-index"

[[package]]
name = "minidom"
version = "0.11.1"
source = "registry+https://github.com/rust-lang/crates.io-index"
dependencies = [
 "quick-xml 0.16.1 (registry+https://github.com/rust-lang/crates.io-index)",
]

[[package]]
name = "peresil"
version = "0.3.0"
source = "registry+https://github.com/rust-lang/crates.io-index"

[[package]]
name = "quick-xml"
version = "0.16.1"
source = "registry+https://github.com/rust-lang/crates.io-index"
dependencies = [
 "memchr 2.3.3 (registry+https://github.com/rust-lang/crates.io-index)",
]

[[package]]
name = "quick-xml"
version = "0.17.2"
source = "registry+https://github.com/rust-lang/crates.io-index"
dependencies = [
 "memchr 2.3.3 (registry+https://github.com/rust-lang/crates.io-index)",
]

[[package]]
name = "roxmltree"
version = "0.9.1"
source = "registry+https://github.com/rust-lang/crates.io-index"
dependencies = [
 "xmlparser 0.13.0 (registry+https://github.com/rust-lang/crates.io-index)",
]

[[package]]
name = "sxd-document"
version = "0.3.2"
source = "registry+https://github.com/rust-lang/crates.io-index"
dependencies = [
 "peresil 0.3.0 (registry+https://github.com/rust-lang/crates.io-index)",
 "typed-arena 1.7.0 (registry+https://github.com/rust-lang/crates.io-index)",
]

[[package]]
name = "typed-arena"
version = "1.7.0"
source = "registry+https://github.com/rust-lang/crates.io-index"

[[package]]
name = "xml-rs"
version = "0.8.0"
source = "registry+https://github.com/rust-lang/crates.io-index"

[[package]]
name = "xml_stringify"
version = "0.1.1"

[[package]]
name = "xmlparser"
version = "0.13.0"
source = "registry+https://github.com/rust-lang/crates.io-index"

[[package]]
name = "xmltree"
version = "0.10.0"
source = "registry+https://github.com/rust-lang/crates.io-index"
dependencies = [
 "xml-rs 0.8.0 (registry+https://github.com/rust-lang/crates.io-index)",
]

[metadata]
"checksum bencher 0.1.5 (registry+https://github.com/rust-lang/crates.io-index)" = "7dfdb4953a096c551ce9ace855a604d702e6e62d77fac690575ae347571717f5"
"checksum memchr 2.3.3 (registry+https://github.com/rust-lang/crates.io-index)" = "3728d817d99e5ac407411fa471ff9800a778d88a24685968b36824eaf4bee400"
"checksum minidom 0.11.1 (registry+https://github.com/rust-lang/crates.io-index)" = "df1f29c97815c4328d6b533d2b8976e80cbed02d97063970aa4a80c100ecf29a"
"checksum peresil 0.3.0 (registry+https://github.com/rust-lang/crates.io-index)" = "f658886ed52e196e850cfbbfddab9eaa7f6d90dd0929e264c31e5cec07e09e57"
"checksum quick-xml 0.16.1 (registry+https://github.com/rust-lang/crates.io-index)" = "1cd45021132c1cb5540995e93fcc2cf5a874ef84f9639168fb6819caa023d4be"
"checksum quick-xml 0.17.2 (registry+https://github.com/rust-lang/crates.io-index)" = "fe1e430bdcf30c9fdc25053b9c459bb1a4672af4617b6c783d7d91dc17c6bbb0"
"checksum roxmltree 0.9.1 (registry+https://github.com/rust-lang/crates.io-index)" = "99d696b20b92d3e02e08fd8456f0ab03007c99e6b111a6205b9cb6fc044d0957"
"checksum sxd-document 0.3.2 (registry+https://github.com/rust-lang/crates.io-index)" = "94d82f37be9faf1b10a82c4bd492b74f698e40082f0f40de38ab275f31d42078"
"checksum typed-arena 1.7.0 (registry+https://github.com/rust-lang/crates.io-index)" = "a9b2228007eba4120145f785df0f6c92ea538f5a3635a612ecf4e334c8c1446d"
"checksum xml-rs 0.8.0 (registry+https://github.com/rust-lang/crates.io-index)" = "541b12c998c5b56aa2b4e6f18f03664eef9a4fd0a246a55594efae6cc2d964b5"
"checksum xmlparser 0.13.0 (registry+https://github.com/rust-lang/crates.io-index)" = "b16981128b9e811347d0e72c25b2b22773da22b6dc30282846ad50427e89ba97"
"checksum xmltree 0.10.0 (registry+https://github.com/rust-lang/crates.io-index)" = "77a607efe600db25447a8d9bab1f39217a82c4ba160b51b027d7c4f6053004df"
